
Microsoft Visual Studio Solution File, Format Version 12.00
# Visual Studio Version 17
VisualStudioVersion = 17.0.31903.59
MinimumVisualStudioVersion = 10.0.40219.1
Project("{FAE04EC0-301F-11D3-BF4B-00C04F79EFBC}") = "DoctypeHtml.Parser", "DoctypeHtml.Parser\DoctypeHtml.Parser.csproj", "{DF761468-B867-4451-AB2F-49FDE80A479B}"
EndProject
Project("{FAE04EC0-301F-11D3-BF4B-00C04F79EFBC}") = "DoctypeHtml.Tests", "DoctypeHtml.Tests\DoctypeHtml.Tests.csproj", "{3EFA8794-B504-41A5-9F6E-F3E8767E0ADD}"
EndProject
Global
	GlobalSection(SolutionConfigurationPlatforms) = preSolution
		Debug|Any CPU = Debug|Any CPU
		Debug|x64 = Debug|x64
		Debug|x86 = Debug|x86
		Release|Any CPU = Release|Any CPU
		Release|x64 = Release|x64
		Release|x86 = Release|x86
	EndGlobalSection
	GlobalSection(ProjectConfigurationPlatforms) = postSolution
		{DF761468-B867-4451-AB2F-49FDE80A479B}.Debug|Any CPU.ActiveCfg = Debug|Any CPU
		{DF761468-B867-4451-AB2F-49FDE80A479B}.Debug|Any CPU.Build.0 = Debug|Any CPU
		{DF761468-B867-4451-AB2F-49FDE80A479B}.Debug|x64.ActiveCfg = Debug|Any CPU
		{DF761468-B867-4451-AB2F-49FDE80A479B}.Debug|x64.Build.0 = Debug|Any CPU
		{DF761468-B867-4451-AB2F-49FDE80A479B}.Debug|x86.ActiveCfg = Debug|Any CPU
		{DF761468-B867-4451-AB2F-49FDE80A479B}.Debug|x86.Build.0 = Debug|Any CPU
		{DF761468-B867-4451-AB2F-49FDE80A479B}.Release|Any CPU.ActiveCfg = Release|Any CPU
		{DF761468-B867-4451-AB2F-49FDE80A479B}.Release|Any CPU.Build.0 = Release|Any CPU
		{DF761468-B867-4451-AB2F-49FDE80A479B}.Release|x64.ActiveCfg = Release|Any CPU
		{DF761468-B867-4451-AB2F-49FDE80A479B}.Release|x64.Build.0 = Release|Any CPU
		{DF761468-B867-4451-AB2F-49FDE80A479B}.Release|x86.ActiveCfg = Release|Any CPU
		{DF761468-B867-4451-AB2F-49FDE80A479B}.Release|x86.Build.0 = Release|Any CPU
		{3EFA8794-B504-41A5-9F6E-F3E8767E0ADD}.Debug|Any CPU.ActiveCfg = Debug|Any CPU
		{3EFA8794-B504-41A5-9F6E-F3E8767E0ADD}.Debug|Any CPU.Build.0 = Debug|Any CPU
		{3EFA8794-B504-41A5-9F6E-F3E8767E0ADD}.Debug|x64.ActiveCfg = Debug|Any CPU
		{3EFA8794-B504-41A5-9F6E-F3E8767E0ADD}.Debug|x64.Build.0 = Debug|Any CPU
		{3EFA8794-B504-41A5-9F6E-F3E8767E0ADD}.Debug|x86.ActiveCfg = Debug|Any CPU
		{3EFA8794-B504-41A5-9F6E-F3E8767E0ADD}.Debug|x86.Build.0 = Debug|Any CPU
		{3EFA8794-B504-41A5-9F6E-F3E8767E0ADD}.Release|Any CPU.ActiveCfg = Release|Any CPU
		{3EFA8794-B504-41A5-9F6E-F3E8767E0ADD}.Release|Any CPU.Build.0 = Release|Any CPU
		{3EFA8794-B504-41A5-9F6E-F3E8767E0ADD}.Release|x64.ActiveCfg = Release|Any CPU
		{3EFA8794-B504-41A5-9F6E-F3E8767E0ADD}.Release|x64.Build.0 = Release|Any CPU
		{3EFA8794-B504-41A5-9F6E-F3E8767E0ADD}.Release|x86.ActiveCfg = Release|Any CPU
		{3EFA8794-B504-41A5-9F6E-F3E8767E0ADD}.Release|x86.Build.0 = Release|Any CPU
	EndGlobalSection
	GlobalSection(SolutionProperties) = preSolution
		HideSolutionNode = FALSE
	EndGlobalSection
EndGlobal
